PODS:
  - Expecta (0.3.1)
  - OCMock (3.1.1)
  - OHHTTPStubs (3.1.5):
    - OHHTTPStubs/Core
  - OHHTTPStubs/Core (3.1.5)
  - Specta (0.2.1)

DEPENDENCIES:
  - Expecta (~> 0.3)
  - OCMock (~> 3.1)
  - OHHTTPStubs (~> 3.1)
  - Specta (~> 0.2)

SPEC CHECKSUMS:
  Expecta: 03aabd0a89d8dea843baecb19a7fd7466a69a31d
  OCMock: f6cb8c162ab9d5620dddf411282c7b2c0ee78854
  OHHTTPStubs: c1e362552b71b81e1deb7a80f44c51585b946c43
  Specta: 9141310f46b1f68b676650ff2854e1ed0b74163a

COCOAPODS: 0.33.1
