// !$*UTF8*$!
{
	archiveVersion = 1;
	classes = {
	};
	objectVersion = 46;
	objects = {

/* Begin PBXBuildFile section */
		824D5A6E123F68A8001177D5 /* NXOAuth2ClientDelegate.h in Headers */ = {isa = PBXBuildFile; fileRef = 824D5A6D123F68A8001177D5 /* NXOAuth2ClientDelegate.h */; settings = {ATTRIBUTES = (); }; };
		9404FAC2123E3A6900397DD1 /* NXOAuth2.h in Headers */ = {isa = PBXBuildFile; fileRef = 9404FAC1123E3A6900397DD1 /* NXOAuth2.h */; settings = {ATTRIBUTES = (Public, ); }; };
		9404FAC3123E3A6900397DD1 /* NXOAuth2.h in Headers */ = {isa = PBXBuildFile; fileRef = 9404FAC1123E3A6900397DD1 /* NXOAuth2.h */; settings = {ATTRIBUTES = (); }; };
		9429B3AA12267A3100D31807 /* NXOAuth2Client.h in Headers */ = {isa = PBXBuildFile; fileRef = 9429B3A812267A3100D31807 /* NXOAuth2Client.h */; settings = {ATTRIBUTES = (); }; };
		9429B3AB12267A3100D31807 /* NXOAuth2Client.m in Sources */ = {isa = PBXBuildFile; fileRef = 9429B3A912267A3100D31807 /* NXOAuth2Client.m */; };
		9429B4D91226987D00D31807 /* NXOAuth2AccessToken.h in Headers */ = {isa = PBXBuildFile; fileRef = 9429B4D71226987D00D31807 /* NXOAuth2AccessToken.h */; settings = {ATTRIBUTES = (); }; };
		9429B4DA1226987D00D31807 /* NXOAuth2AccessToken.m in Sources */ = {isa = PBXBuildFile; fileRef = 9429B4D81226987D00D31807 /* NXOAuth2AccessToken.m */; };
		9429B5181226CB5800D31807 /* NXOAuth2Connection.h in Headers */ = {isa = PBXBuildFile; fileRef = 9429B5161226CB5800D31807 /* NXOAuth2Connection.h */; settings = {ATTRIBUTES = (); }; };
		9429B5191226CB5800D31807 /* NXOAuth2Connection.m in Sources */ = {isa = PBXBuildFile; fileRef = 9429B5171226CB5800D31807 /* NXOAuth2Connection.m */; };
		9429B5341226D7A600D31807 /* NXOAuth2Constants.h in Headers */ = {isa = PBXBuildFile; fileRef = 9429B5321226D7A600D31807 /* NXOAuth2Constants.h */; settings = {ATTRIBUTES = (); }; };
		9429B5351226D7A600D31807 /* NXOAuth2Constants.m in Sources */ = {isa = PBXBuildFile; fileRef = 9429B5331226D7A600D31807 /* NXOAuth2Constants.m */; };
		9429B5AE1227C9D100D31807 /* NXOAuth2PostBodyStream.h in Headers */ = {isa = PBXBuildFile; fileRef = 9429B5AC1227C9D100D31807 /* NXOAuth2PostBodyStream.h */; settings = {ATTRIBUTES = (); }; };
		9429B5AF1227C9D100D31807 /* NXOAuth2PostBodyStream.m in Sources */ = {isa = PBXBuildFile; fileRef = 9429B5AD1227C9D100D31807 /* NXOAuth2PostBodyStream.m */; };
		9429B5CC1227CCBB00D31807 /* NXOAuth2PostBodyPart.h in Headers */ = {isa = PBXBuildFile; fileRef = 9429B5CA1227CCBB00D31807 /* NXOAuth2PostBodyPart.h */; settings = {ATTRIBUTES = (); }; };
		9429B5CD1227CCBB00D31807 /* NXOAuth2PostBodyPart.m in Sources */ = {isa = PBXBuildFile; fileRef = 9429B5CB1227CCBB00D31807 /* NXOAuth2PostBodyPart.m */; };
		9429B6041227CF7700D31807 /* NXOAuth2FileStreamWrapper.h in Headers */ = {isa = PBXBuildFile; fileRef = 9429B6021227CF7700D31807 /* NXOAuth2FileStreamWrapper.h */; settings = {ATTRIBUTES = (); }; };
		9429B6051227CF7700D31807 /* NXOAuth2FileStreamWrapper.m in Sources */ = {isa = PBXBuildFile; fileRef = 9429B6031227CF7700D31807 /* NXOAuth2FileStreamWrapper.m */; };
		9429C47B1227FEA700D31807 /* NXOAuth2ConnectionDelegate.h in Headers */ = {isa = PBXBuildFile; fileRef = 9429C47A1227FEA700D31807 /* NXOAuth2ConnectionDelegate.h */; settings = {ATTRIBUTES = (); }; };
		9429C49B1228023D00D31807 /* NSString+NXOAuth2.h in Headers */ = {isa = PBXBuildFile; fileRef = 9429C4971228023D00D31807 /* NSString+NXOAuth2.h */; settings = {ATTRIBUTES = (); }; };
		9429C49C1228023D00D31807 /* NSString+NXOAuth2.m in Sources */ = {isa = PBXBuildFile; fileRef = 9429C4981228023D00D31807 /* NSString+NXOAuth2.m */; };
		9429C49D1228023D00D31807 /* NSURL+NXOAuth2.h in Headers */ = {isa = PBXBuildFile; fileRef = 9429C4991228023D00D31807 /* NSURL+NXOAuth2.h */; settings = {ATTRIBUTES = (); }; };
		9429C49E1228023D00D31807 /* NSURL+NXOAuth2.m in Sources */ = {isa = PBXBuildFile; fileRef = 9429C49A1228023D00D31807 /* NSURL+NXOAuth2.m */; };
		942FFCE812315EED00E6C65E /* NSString+NXOAuth2.h in Headers */ = {isa = PBXBuildFile; fileRef = 9429C4971228023D00D31807 /* NSString+NXOAuth2.h */; settings = {ATTRIBUTES = (Public, ); }; };
		942FFCE912315EED00E6C65E /* NSURL+NXOAuth2.h in Headers */ = {isa = PBXBuildFile; fileRef = 9429C4991228023D00D31807 /* NSURL+NXOAuth2.h */; settings = {ATTRIBUTES = (Public, ); }; };
		942FFCEA12315EED00E6C65E /* NXOAuth2AccessToken.h in Headers */ = {isa = PBXBuildFile; fileRef = 9429B4D71226987D00D31807 /* NXOAuth2AccessToken.h */; settings = {ATTRIBUTES = (Public, ); }; };
		942FFCEB12315EED00E6C65E /* NXOAuth2Client.h in Headers */ = {isa = PBXBuildFile; fileRef = 9429B3A812267A3100D31807 /* NXOAuth2Client.h */; settings = {ATTRIBUTES = (Public, ); }; };
		942FFCEC12315EED00E6C65E /* NXOAuth2Connection.h in Headers */ = {isa = PBXBuildFile; fileRef = 9429B5161226CB5800D31807 /* NXOAuth2Connection.h */; settings = {ATTRIBUTES = (Public, ); }; };
		942FFCED12315EED00E6C65E /* NXOAuth2ConnectionDelegate.h in Headers */ = {isa = PBXBuildFile; fileRef = 9429C47A1227FEA700D31807 /* NXOAuth2ConnectionDelegate.h */; settings = {ATTRIBUTES = (Public, ); }; };
		942FFCEE12315EED00E6C65E /* NXOAuth2Constants.h in Headers */ = {isa = PBXBuildFile; fileRef = 9429B5321226D7A600D31807 /* NXOAuth2Constants.h */; settings = {ATTRIBUTES = (Public, ); }; };
		942FFCEF12315EED00E6C65E /* NXOAuth2FileStreamWrapper.h in Headers */ = {isa = PBXBuildFile; fileRef = 9429B6021227CF7700D31807 /* NXOAuth2FileStreamWrapper.h */; settings = {ATTRIBUTES = (Public, ); }; };
		942FFCF012315EED00E6C65E /* NXOAuth2PostBodyPart.h in Headers */ = {isa = PBXBuildFile; fileRef = 9429B5CA1227CCBB00D31807 /* NXOAuth2PostBodyPart.h */; settings = {ATTRIBUTES = (); }; };
		942FFCF112315EED00E6C65E /* NXOAuth2PostBodyStream.h in Headers */ = {isa = PBXBuildFile; fileRef = 9429B5AC1227C9D100D31807 /* NXOAuth2PostBodyStream.h */; settings = {ATTRIBUTES = (Public, ); }; };
		942FFCF312315EED00E6C65E /* OAuth2Client_Prefix.pch in Headers */ = {isa = PBXBuildFile; fileRef = AA747D9E0F9514B9006C5449 /* OAuth2Client_Prefix.pch */; };
		942FFCF512315EF500E6C65E /* NSString+NXOAuth2.m in Sources */ = {isa = PBXBuildFile; fileRef = 9429C4981228023D00D31807 /* NSString+NXOAuth2.m */; };
		942FFCF612315EF500E6C65E /* NSURL+NXOAuth2.m in Sources */ = {isa = PBXBuildFile; fileRef = 9429C49A1228023D00D31807 /* NSURL+NXOAuth2.m */; };
		942FFCF712315EF500E6C65E /* NXOAuth2AccessToken.m in Sources */ = {isa = PBXBuildFile; fileRef = 9429B4D81226987D00D31807 /* NXOAuth2AccessToken.m */; };
		942FFCF812315EF500E6C65E /* NXOAuth2Client.m in Sources */ = {isa = PBXBuildFile; fileRef = 9429B3A912267A3100D31807 /* NXOAuth2Client.m */; };
		942FFCF912315EF500E6C65E /* NXOAuth2Connection.m in Sources */ = {isa = PBXBuildFile; fileRef = 9429B5171226CB5800D31807 /* NXOAuth2Connection.m */; };
		942FFCFA12315EF500E6C65E /* NXOAuth2Constants.m in Sources */ = {isa = PBXBuildFile; fileRef = 9429B5331226D7A600D31807 /* NXOAuth2Constants.m */; };
		942FFCFB12315EF500E6C65E /* NXOAuth2FileStreamWrapper.m in Sources */ = {isa = PBXBuildFile; fileRef = 9429B6031227CF7700D31807 /* NXOAuth2FileStreamWrapper.m */; };
		942FFCFC12315EF500E6C65E /* NXOAuth2PostBodyPart.m in Sources */ = {isa = PBXBuildFile; fileRef = 9429B5CB1227CCBB00D31807 /* NXOAuth2PostBodyPart.m */; };
		942FFCFD12315EF500E6C65E /* NXOAuth2PostBodyStream.m in Sources */ = {isa = PBXBuildFile; fileRef = 9429B5AD1227C9D100D31807 /* NXOAuth2PostBodyStream.m */; };
		942FFCFE12315EFC00E6C65E /* Foundation.framework in Frameworks */ = {isa = PBXBuildFile; fileRef = AACBBE490F95108600F1A2B1 /* Foundation.framework */; };
		942FFD7E12315EFF00E6C65E /* Security.framework in Frameworks */ = {isa = PBXBuildFile; fileRef = 94E5AC92122C097B00C7021A /* Security.framework */; };
		945A500D123F7BAE00A6F2EB /* NXOAuth2ClientDelegate.h in Headers */ = {isa = PBXBuildFile; fileRef = 824D5A6D123F68A8001177D5 /* NXOAuth2ClientDelegate.h */; settings = {ATTRIBUTES = (Public, ); }; };
		94E5AC93122C097B00C7021A /* Security.framework in Frameworks */ = {isa = PBXBuildFile; fileRef = 94E5AC92122C097B00C7021A /* Security.framework */; };
		99D8A7F913852C6E00E3073C /* NSData+NXOAuth2.h in Headers */ = {isa = PBXBuildFile; fileRef = 99D8A7F713852C6E00E3073C /* NSData+NXOAuth2.h */; settings = {ATTRIBUTES = (Public, ); }; };
		99D8A7FA13852C6E00E3073C /* NSData+NXOAuth2.h in Headers */ = {isa = PBXBuildFile; fileRef = 99D8A7F713852C6E00E3073C /* NSData+NXOAuth2.h */; };
		99D8A7FF13852D3600E3073C /* NSData+NXOAuth2.m in Sources */ = {isa = PBXBuildFile; fileRef = 99D8A7FE13852D3600E3073C /* NSData+NXOAuth2.m */; };
		99D8A80013852D3600E3073C /* NSData+NXOAuth2.m in Sources */ = {isa = PBXBuildFile; fileRef = 99D8A7FE13852D3600E3073C /* NSData+NXOAuth2.m */; };
		99F08DEA138BE8CE002A5401 /* NXOAuth2TrustDelegate.h in Headers */ = {isa = PBXBuildFile; fileRef = 99F08DE9138BE8CE002A5401 /* NXOAuth2TrustDelegate.h */; settings = {ATTRIBUTES = (Public, ); }; };
		99F08DEB138BE8CE002A5401 /* NXOAuth2TrustDelegate.h in Headers */ = {isa = PBXBuildFile; fileRef = 99F08DE9138BE8CE002A5401 /* NXOAuth2TrustDelegate.h */; };
		AA747D9F0F9514B9006C5449 /* OAuth2Client_Prefix.pch in Headers */ = {isa = PBXBuildFile; fileRef = AA747D9E0F9514B9006C5449 /* OAuth2Client_Prefix.pch */; };
		AACBBE4A0F95108600F1A2B1 /* Foundation.framework in Frameworks */ = {isa = PBXBuildFile; fileRef = AACBBE490F95108600F1A2B1 /* Foundation.framework */; };
		F65713CE13CC87FD00C8A33A /* NXOAuth2AccountStore.h in Headers */ = {isa = PBXBuildFile; fileRef = F65713CC13CC87FD00C8A33A /* NXOAuth2AccountStore.h */; };
		F65713CF13CC87FD00C8A33A /* NXOAuth2AccountStore.h in Headers */ = {isa = PBXBuildFile; fileRef = F65713CC13CC87FD00C8A33A /* NXOAuth2AccountStore.h */; };
		F65713D013CC87FD00C8A33A /* NXOAuth2AccountStore.m in Sources */ = {isa = PBXBuildFile; fileRef = F65713CD13CC87FD00C8A33A /* NXOAuth2AccountStore.m */; };
		F65713D113CC87FD00C8A33A /* NXOAuth2AccountStore.m in Sources */ = {isa = PBXBuildFile; fileRef = F65713CD13CC87FD00C8A33A /* NXOAuth2AccountStore.m */; };
		F68B9A0813CDA5BC001CA749 /* NXOAuth2Request.h in Headers */ = {isa = PBXBuildFile; fileRef = F68B9A0613CDA5BC001CA749 /* NXOAuth2Request.h */; };
		F68B9A0913CDA5BC001CA749 /* NXOAuth2Request.h in Headers */ = {isa = PBXBuildFile; fileRef = F68B9A0613CDA5BC001CA749 /* NXOAuth2Request.h */; };
		F6B39C7013CC8A3200B43FE0 /* NXOAuth2Account.h in Headers */ = {isa = PBXBuildFile; fileRef = F6B39C6E13CC8A3200B43FE0 /* NXOAuth2Account.h */; };
		F6B39C7113CC8A3200B43FE0 /* NXOAuth2Account.h in Headers */ = {isa = PBXBuildFile; fileRef = F6B39C6E13CC8A3200B43FE0 /* NXOAuth2Account.h */; };
		F6B39C7213CC8A3200B43FE0 /* NXOAuth2Account.m in Sources */ = {isa = PBXBuildFile; fileRef = F6B39C6F13CC8A3200B43FE0 /* NXOAuth2Account.m */; };
		F6B39C7313CC8A3200B43FE0 /* NXOAuth2Account.m in Sources */ = {isa = PBXBuildFile; fileRef = F6B39C6F13CC8A3200B43FE0 /* NXOAuth2Account.m */; };
		F6B39C7513CC8BDC00B43FE0 /* NXOAuth2AccountStoreDelegate.h in Headers */ = {isa = PBXBuildFile; fileRef = F6B39C7413CC8BDC00B43FE0 /* NXOAuth2AccountStoreDelegate.h */; };
		F6B39C7613CC8BDC00B43FE0 /* NXOAuth2AccountStoreDelegate.h in Headers */ = {isa = PBXBuildFile; fileRef = F6B39C7413CC8BDC00B43FE0 /* NXOAuth2AccountStoreDelegate.h */; };
		F6B39C7813CC980500B43FE0 /* UIKit.framework in Frameworks */ = {isa = PBXBuildFile; fileRef = F6B39C7713CC980500B43FE0 /* UIKit.framework */; };
		F6B39C7A13CC981400B43FE0 /* Cocoa.framework in Frameworks */ = {isa = PBXBuildFile; fileRef = F6B39C7913CC981400B43FE0 /* Cocoa.framework */; };
		F6CEFD8E13CDD83B00F19E55 /* NXOAuth2Request.m in Sources */ = {isa = PBXBuildFile; fileRef = F6CEFD8D13CDD83B00F19E55 /* NXOAuth2Request.m */; };
		F6CEFD8F13CDDE6C00F19E55 /* NXOAuth2Request.m in Sources */ = {isa = PBXBuildFile; fileRef = F6CEFD8D13CDD83B00F19E55 /* NXOAuth2Request.m */; };
/* End PBXBuildFile section */

/* Begin PBXFileReference section */
		824D5A6D123F68A8001177D5 /* NXOAuth2ClientDelegate.h */ = {isa = PBXFileReference; fileEncoding = 4; lastKnownFileType = sourcecode.c.h; path = NXOAuth2ClientDelegate.h; sourceTree = "<group>"; };
		9404FAC1123E3A6900397DD1 /* NXOAuth2.h */ = {isa = PBXFileReference; fileEncoding = 4; lastKnownFileType = sourcecode.c.h; path = NXOAuth2.h; sourceTree = "<group>"; };
		9429B3A812267A3100D31807 /* NXOAuth2Client.h */ = {isa = PBXFileReference; fileEncoding = 4; lastKnownFileType = sourcecode.c.h; path = NXOAuth2Client.h; sourceTree = "<group>"; };
		9429B3A912267A3100D31807 /* NXOAuth2Client.m */ = {isa = PBXFileReference; fileEncoding = 4; lastKnownFileType = sourcecode.c.objc; path = NXOAuth2Client.m; sourceTree = "<group>"; };
		9429B4D71226987D00D31807 /* NXOAuth2AccessToken.h */ = {isa = PBXFileReference; fileEncoding = 4; lastKnownFileType = sourcecode.c.h; path = NXOAuth2AccessToken.h; sourceTree = "<group>"; };
		9429B4D81226987D00D31807 /* NXOAuth2AccessToken.m */ = {isa = PBXFileReference; fileEncoding = 4; lastKnownFileType = sourcecode.c.objc; path = NXOAuth2AccessToken.m; sourceTree = "<group>"; };
		9429B5161226CB5800D31807 /* NXOAuth2Connection.h */ = {isa = PBXFileReference; fileEncoding = 4; lastKnownFileType = sourcecode.c.h; path = NXOAuth2Connection.h; sourceTree = "<group>"; wrapsLines = 0; };
		9429B5171226CB5800D31807 /* NXOAuth2Connection.m */ = {isa = PBXFileReference; fileEncoding = 4; lastKnownFileType = sourcecode.c.objc; path = NXOAuth2Connection.m; sourceTree = "<group>"; };
		9429B5321226D7A600D31807 /* NXOAuth2Constants.h */ = {isa = PBXFileReference; fileEncoding = 4; lastKnownFileType = sourcecode.c.h; path = NXOAuth2Constants.h; sourceTree = "<group>"; };
		9429B5331226D7A600D31807 /* NXOAuth2Constants.m */ = {isa = PBXFileReference; fileEncoding = 4; lastKnownFileType = sourcecode.c.objc; path = NXOAuth2Constants.m; sourceTree = "<group>"; };
		9429B5AC1227C9D100D31807 /* NXOAuth2PostBodyStream.h */ = {isa = PBXFileReference; fileEncoding = 4; lastKnownFileType = sourcecode.c.h; path = NXOAuth2PostBodyStream.h; sourceTree = "<group>"; };
		9429B5AD1227C9D100D31807 /* NXOAuth2PostBodyStream.m */ = {isa = PBXFileReference; fileEncoding = 4; lastKnownFileType = sourcecode.c.objc; path = NXOAuth2PostBodyStream.m; sourceTree = "<group>"; };
		9429B5CA1227CCBB00D31807 /* NXOAuth2PostBodyPart.h */ = {isa = PBXFileReference; fileEncoding = 4; lastKnownFileType = sourcecode.c.h; path = NXOAuth2PostBodyPart.h; sourceTree = "<group>"; };
		9429B5CB1227CCBB00D31807 /* NXOAuth2PostBodyPart.m */ = {isa = PBXFileReference; fileEncoding = 4; lastKnownFileType = sourcecode.c.objc; path = NXOAuth2PostBodyPart.m; sourceTree = "<group>"; };
		9429B6021227CF7700D31807 /* NXOAuth2FileStreamWrapper.h */ = {isa = PBXFileReference; fileEncoding = 4; lastKnownFileType = sourcecode.c.h; path = NXOAuth2FileStreamWrapper.h; sourceTree = "<group>"; };
		9429B6031227CF7700D31807 /* NXOAuth2FileStreamWrapper.m */ = {isa = PBXFileReference; fileEncoding = 4; lastKnownFileType = sourcecode.c.objc; path = NXOAuth2FileStreamWrapper.m; sourceTree = "<group>"; };
		9429C47A1227FEA700D31807 /* NXOAuth2ConnectionDelegate.h */ = {isa = PBXFileReference; fileEncoding = 4; lastKnownFileType = sourcecode.c.h; path = NXOAuth2ConnectionDelegate.h; sourceTree = "<group>"; };
		9429C4971228023D00D31807 /* NSString+NXOAuth2.h */ = {isa = PBXFileReference; fileEncoding = 4; lastKnownFileType = sourcecode.c.h; path = "NSString+NXOAuth2.h"; sourceTree = "<group>"; };
		9429C4981228023D00D31807 /* NSString+NXOAuth2.m */ = {isa = PBXFileReference; fileEncoding = 4; lastKnownFileType = sourcecode.c.objc; path = "NSString+NXOAuth2.m"; sourceTree = "<group>"; };
		9429C4991228023D00D31807 /* NSURL+NXOAuth2.h */ = {isa = PBXFileReference; fileEncoding = 4; lastKnownFileType = sourcecode.c.h; path = "NSURL+NXOAuth2.h"; sourceTree = "<group>"; };
		9429C49A1228023D00D31807 /* NSURL+NXOAuth2.m */ = {isa = PBXFileReference; fileEncoding = 4; lastKnownFileType = sourcecode.c.objc; path = "NSURL+NXOAuth2.m"; sourceTree = "<group>"; };
		942FFCD612315E0A00E6C65E /* OAuth2Client.framework */ = {isa = PBXFileReference; explicitFileType = wrapper.framework; includeInIndex = 0; path = OAuth2Client.framework; sourceTree = BUILT_PRODUCTS_DIR; };
		94E5AC92122C097B00C7021A /* Security.framework */ = {isa = PBXFileReference; lastKnownFileType = wrapper.framework; name = Security.framework; path = System/Library/Frameworks/Security.framework; sourceTree = SDKROOT; };
		94E5B276122D457400C7021A /* OAuth2Client.framework-Info.plist */ = {isa = PBXFileReference; lastKnownFileType = text.plist.xml; path = "OAuth2Client.framework-Info.plist"; sourceTree = "<group>"; };
		99D8A7F713852C6E00E3073C /* NSData+NXOAuth2.h */ = {isa = PBXFileReference; fileEncoding = 4; lastKnownFileType = sourcecode.c.h; path = "NSData+NXOAuth2.h"; sourceTree = "<group>"; };
		99D8A7FE13852D3600E3073C /* NSData+NXOAuth2.m */ = {isa = PBXFileReference; fileEncoding = 4; lastKnownFileType = sourcecode.c.objc; path = "NSData+NXOAuth2.m"; sourceTree = "<group>"; };
		99F08DE9138BE8CE002A5401 /* NXOAuth2TrustDelegate.h */ = {isa = PBXFileReference; fileEncoding = 4; lastKnownFileType = sourcecode.c.h; path = NXOAuth2TrustDelegate.h; sourceTree = "<group>"; };
		AA747D9E0F9514B9006C5449 /* OAuth2Client_Prefix.pch */ = {isa = PBXFileReference; fileEncoding = 4; lastKnownFileType = sourcecode.c.h; path = OAuth2Client_Prefix.pch; sourceTree = "<group>"; };
		AACBBE490F95108600F1A2B1 /* Foundation.framework */ = {isa = PBXFileReference; lastKnownFileType = wrapper.framework; name = Foundation.framework; path = System/Library/Frameworks/Foundation.framework; sourceTree = SDKROOT; };
		D2AAC07E0554694100DB518D /* libOAuth2Client.a */ = {isa = PBXFileReference; explicitFileType = archive.ar; includeInIndex = 0; path = libOAuth2Client.a; sourceTree = BUILT_PRODUCTS_DIR; };
		F65713CC13CC87FD00C8A33A /* NXOAuth2AccountStore.h */ = {isa = PBXFileReference; fileEncoding = 4; lastKnownFileType = sourcecode.c.h; path = NXOAuth2AccountStore.h; sourceTree = "<group>"; };
		F65713CD13CC87FD00C8A33A /* NXOAuth2AccountStore.m */ = {isa = PBXFileReference; fileEncoding = 4; lastKnownFileType = sourcecode.c.objc; path = NXOAuth2AccountStore.m; sourceTree = "<group>"; };
		F68B9A0613CDA5BC001CA749 /* NXOAuth2Request.h */ = {isa = PBXFileReference; fileEncoding = 4; lastKnownFileType = sourcecode.c.h; path = NXOAuth2Request.h; sourceTree = "<group>"; };
		F6B39C6E13CC8A3200B43FE0 /* NXOAuth2Account.h */ = {isa = PBXFileReference; fileEncoding = 4; lastKnownFileType = sourcecode.c.h; path = NXOAuth2Account.h; sourceTree = "<group>"; };
		F6B39C6F13CC8A3200B43FE0 /* NXOAuth2Account.m */ = {isa = PBXFileReference; fileEncoding = 4; lastKnownFileType = sourcecode.c.objc; path = NXOAuth2Account.m; sourceTree = "<group>"; };
		F6B39C7413CC8BDC00B43FE0 /* NXOAuth2AccountStoreDelegate.h */ = {isa = PBXFileReference; fileEncoding = 4; lastKnownFileType = sourcecode.c.h; path = NXOAuth2AccountStoreDelegate.h; sourceTree = "<group>"; };
		F6B39C7713CC980500B43FE0 /* UIKit.framework */ = {isa = PBXFileReference; lastKnownFileType = wrapper.framework; name = UIKit.framework; path = Platforms/iPhoneOS.platform/Developer/SDKs/iPhoneOS5.0.sdk/System/Library/Frameworks/UIKit.framework; sourceTree = DEVELOPER_DIR; };
		F6B39C7913CC981400B43FE0 /* Cocoa.framework */ = {isa = PBXFileReference; lastKnownFileType = wrapper.framework; name = Cocoa.framework; path = /System/Library/Frameworks/Cocoa.framework; sourceTree = "<absolute>"; };
		F6CEFD8D13CDD83B00F19E55 /* NXOAuth2Request.m */ = {isa = PBXFileReference; fileEncoding = 4; lastKnownFileType = sourcecode.c.objc; path = NXOAuth2Request.m; sourceTree = "<group>"; };
/* End PBXFileReference section */

/* Begin PBXFrameworksBuildPhase section */
		942FFCD412315E0A00E6C65E /* Frameworks */ = {
			isa = PBXFrameworksBuildPhase;
			buildActionMask = 2147483647;
			files = (
				F6B39C7A13CC981400B43FE0 /* Cocoa.framework in Frameworks */,
				942FFD7E12315EFF00E6C65E /* Security.framework in Frameworks */,
				942FFCFE12315EFC00E6C65E /* Foundation.framework in Frameworks */,
			);
			runOnlyForDeploymentPostprocessing = 0;
		};
		D2AAC07C0554694100DB518D /* Frameworks */ = {
			isa = PBXFrameworksBuildPhase;
			buildActionMask = 2147483647;
			files = (
				F6B39C7813CC980500B43FE0 /* UIKit.framework in Frameworks */,
				AACBBE4A0F95108600F1A2B1 /* Foundation.framework in Frameworks */,
				94E5AC93122C097B00C7021A /* Security.framework in Frameworks */,
			);
			runOnlyForDeploymentPostprocessing = 0;
		};
/* End PBXFrameworksBuildPhase section */

/* Begin PBXGroup section */
		034768DFFF38A50411DB9C8B /* Products */ = {
			isa = PBXGroup;
			children = (
				D2AAC07E0554694100DB518D /* libOAuth2Client.a */,
				942FFCD612315E0A00E6C65E /* OAuth2Client.framework */,
			);
			name = Products;
			sourceTree = "<group>";
		};
		0867D691FE84028FC02AAC07 /* OAuth2Client */ = {
			isa = PBXGroup;
			children = (
				08FB77AEFE84172EC02AAC07 /* Sources */,
				0867D69AFE84028FC02AAC07 /* Frameworks */,
				034768DFFF38A50411DB9C8B /* Products */,
				942FFCDE12315E2E00E6C65E /* Resources */,
			);
			name = OAuth2Client;
			sourceTree = "<group>";
		};
		0867D69AFE84028FC02AAC07 /* Frameworks */ = {
			isa = PBXGroup;
			children = (
				F6B39C7913CC981400B43FE0 /* Cocoa.framework */,
				F6B39C7713CC980500B43FE0 /* UIKit.framework */,
				AACBBE490F95108600F1A2B1 /* Foundation.framework */,
				94E5AC92122C097B00C7021A /* Security.framework */,
			);
			name = Frameworks;
			sourceTree = "<group>";
		};
		08FB77AEFE84172EC02AAC07 /* Sources */ = {
			isa = PBXGroup;
			children = (
				9429C491122801F300D31807 /* CocoaAdditions */,
				9429B38B1226789400D31807 /* OAuth2Client */,
				AA747D9E0F9514B9006C5449 /* OAuth2Client_Prefix.pch */,
			);
			path = Sources;
			sourceTree = "<group>";
		};
		9429B38B1226789400D31807 /* OAuth2Client */ = {
			isa = PBXGroup;
			children = (
				9404FAC1123E3A6900397DD1 /* NXOAuth2.h */,
				9429B5AB1227C9BD00D31807 /* Connection */,
				824D5A6D123F68A8001177D5 /* NXOAuth2ClientDelegate.h */,
				9429B3A812267A3100D31807 /* NXOAuth2Client.h */,
				9429B3A912267A3100D31807 /* NXOAuth2Client.m */,
				9429B4D71226987D00D31807 /* NXOAuth2AccessToken.h */,
				9429B4D81226987D00D31807 /* NXOAuth2AccessToken.m */,
				9429B5321226D7A600D31807 /* NXOAuth2Constants.h */,
				9429B5331226D7A600D31807 /* NXOAuth2Constants.m */,
				F6B39C7413CC8BDC00B43FE0 /* NXOAuth2AccountStoreDelegate.h */,
				F65713CC13CC87FD00C8A33A /* NXOAuth2AccountStore.h */,
				F65713CD13CC87FD00C8A33A /* NXOAuth2AccountStore.m */,
				F6B39C6E13CC8A3200B43FE0 /* NXOAuth2Account.h */,
				F6B39C6F13CC8A3200B43FE0 /* NXOAuth2Account.m */,
				F68B9A0613CDA5BC001CA749 /* NXOAuth2Request.h */,
				F6CEFD8D13CDD83B00F19E55 /* NXOAuth2Request.m */,
			);
			path = OAuth2Client;
			sourceTree = "<group>";
		};
		9429B5AB1227C9BD00D31807 /* Connection */ = {
			isa = PBXGroup;
			children = (
				99F08DE9138BE8CE002A5401 /* NXOAuth2TrustDelegate.h */,
				9429C47A1227FEA700D31807 /* NXOAuth2ConnectionDelegate.h */,
				9429B5161226CB5800D31807 /* NXOAuth2Connection.h */,
				9429B5171226CB5800D31807 /* NXOAuth2Connection.m */,
				9429B5AC1227C9D100D31807 /* NXOAuth2PostBodyStream.h */,
				9429B5AD1227C9D100D31807 /* NXOAuth2PostBodyStream.m */,
				9429B5CA1227CCBB00D31807 /* NXOAuth2PostBodyPart.h */,
				9429B5CB1227CCBB00D31807 /* NXOAuth2PostBodyPart.m */,
				9429B6021227CF7700D31807 /* NXOAuth2FileStreamWrapper.h */,
				9429B6031227CF7700D31807 /* NXOAuth2FileStreamWrapper.m */,
			);
			name = Connection;
			sourceTree = "<group>";
		};
		9429C491122801F300D31807 /* CocoaAdditions */ = {
			isa = PBXGroup;
			children = (
				99D8A7F713852C6E00E3073C /* NSData+NXOAuth2.h */,
				99D8A7FE13852D3600E3073C /* NSData+NXOAuth2.m */,
				9429C4971228023D00D31807 /* NSString+NXOAuth2.h */,
				9429C4981228023D00D31807 /* NSString+NXOAuth2.m */,
				9429C4991228023D00D31807 /* NSURL+NXOAuth2.h */,
				9429C49A1228023D00D31807 /* NSURL+NXOAuth2.m */,
			);
			name = CocoaAdditions;
			sourceTree = "<group>";
		};
		942FFCDE12315E2E00E6C65E /* Resources */ = {
			isa = PBXGroup;
			children = (
				94E5B276122D457400C7021A /* OAuth2Client.framework-Info.plist */,
			);
			name = Resources;
			sourceTree = "<group>";
		};
/* End PBXGroup section */

/* Begin PBXHeadersBuildPhase section */
		942FFCD112315E0A00E6C65E /* Headers */ = {
			isa = PBXHeadersBuildPhase;
			buildActionMask = 2147483647;
			files = (
				945A500D123F7BAE00A6F2EB /* NXOAuth2ClientDelegate.h in Headers */,
				942FFCE812315EED00E6C65E /* NSString+NXOAuth2.h in Headers */,
				942FFCE912315EED00E6C65E /* NSURL+NXOAuth2.h in Headers */,
				942FFCEA12315EED00E6C65E /* NXOAuth2AccessToken.h in Headers */,
				942FFCEB12315EED00E6C65E /* NXOAuth2Client.h in Headers */,
				942FFCEC12315EED00E6C65E /* NXOAuth2Connection.h in Headers */,
				942FFCED12315EED00E6C65E /* NXOAuth2ConnectionDelegate.h in Headers */,
				942FFCEE12315EED00E6C65E /* NXOAuth2Constants.h in Headers */,
				942FFCEF12315EED00E6C65E /* NXOAuth2FileStreamWrapper.h in Headers */,
				942FFCF012315EED00E6C65E /* NXOAuth2PostBodyPart.h in Headers */,
				942FFCF112315EED00E6C65E /* NXOAuth2PostBodyStream.h in Headers */,
				99F08DEA138BE8CE002A5401 /* NXOAuth2TrustDelegate.h in Headers */,
				942FFCF312315EED00E6C65E /* OAuth2Client_Prefix.pch in Headers */,
				9404FAC2123E3A6900397DD1 /* NXOAuth2.h in Headers */,
				99D8A7F913852C6E00E3073C /* NSData+NXOAuth2.h in Headers */,
				F65713CE13CC87FD00C8A33A /* NXOAuth2AccountStore.h in Headers */,
				F6B39C7013CC8A3200B43FE0 /* NXOAuth2Account.h in Headers */,
				F6B39C7513CC8BDC00B43FE0 /* NXOAuth2AccountStoreDelegate.h in Headers */,
				F68B9A0813CDA5BC001CA749 /* NXOAuth2Request.h in Headers */,
			);
			runOnlyForDeploymentPostprocessing = 0;
		};
		D2AAC07A0554694100DB518D /* Headers */ = {
			isa = PBXHeadersBuildPhase;
			buildActionMask = 2147483647;
			files = (
				AA747D9F0F9514B9006C5449 /* OAuth2Client_Prefix.pch in Headers */,
				9429B5CC1227CCBB00D31807 /* NXOAuth2PostBodyPart.h in Headers */,
				9429B3AA12267A3100D31807 /* NXOAuth2Client.h in Headers */,
				9429B4D91226987D00D31807 /* NXOAuth2AccessToken.h in Headers */,
				9429B5181226CB5800D31807 /* NXOAuth2Connection.h in Headers */,
				9429B5341226D7A600D31807 /* NXOAuth2Constants.h in Headers */,
				9429B5AE1227C9D100D31807 /* NXOAuth2PostBodyStream.h in Headers */,
				9429B6041227CF7700D31807 /* NXOAuth2FileStreamWrapper.h in Headers */,
				9429C47B1227FEA700D31807 /* NXOAuth2ConnectionDelegate.h in Headers */,
				9429C49B1228023D00D31807 /* NSString+NXOAuth2.h in Headers */,
				9429C49D1228023D00D31807 /* NSURL+NXOAuth2.h in Headers */,
				9404FAC3123E3A6900397DD1 /* NXOAuth2.h in Headers */,
				824D5A6E123F68A8001177D5 /* NXOAuth2ClientDelegate.h in Headers */,
				99D8A7FA13852C6E00E3073C /* NSData+NXOAuth2.h in Headers */,
				99F08DEB138BE8CE002A5401 /* NXOAuth2TrustDelegate.h in Headers */,
				F65713CF13CC87FD00C8A33A /* NXOAuth2AccountStore.h in Headers */,
				F6B39C7113CC8A3200B43FE0 /* NXOAuth2Account.h in Headers */,
				F6B39C7613CC8BDC00B43FE0 /* NXOAuth2AccountStoreDelegate.h in Headers */,
				F68B9A0913CDA5BC001CA749 /* NXOAuth2Request.h in Headers */,
			);
			runOnlyForDeploymentPostprocessing = 0;
		};
/* End PBXHeadersBuildPhase section */

/* Begin PBXNativeTarget section */
		942FFCD512315E0A00E6C65E /* OAuth2Client.framework */ = {
			isa = PBXNativeTarget;
			buildConfigurationList = 942FFCDA12315E0A00E6C65E /* Build configuration list for PBXNativeTarget "OAuth2Client.framework" */;
			buildPhases = (
				942FFCD112315E0A00E6C65E /* Headers */,
				942FFCD212315E0A00E6C65E /* Resources */,
				942FFCD312315E0A00E6C65E /* Sources */,
				942FFCD412315E0A00E6C65E /* Frameworks */,
			);
			buildRules = (
			);
			dependencies = (
			);
			name = OAuth2Client.framework;
			productName = "OAuth2Client Framework";
			productReference = 942FFCD612315E0A00E6C65E /* OAuth2Client.framework */;
			productType = "com.apple.product-type.framework";
		};
		D2AAC07D0554694100DB518D /* OAuth2Client */ = {
			isa = PBXNativeTarget;
			buildConfigurationList = 1DEB921E08733DC00010E9CD /* Build configuration list for PBXNativeTarget "OAuth2Client" */;
			buildPhases = (
				D2AAC07A0554694100DB518D /* Headers */,
				D2AAC07B0554694100DB518D /* Sources */,
				D2AAC07C0554694100DB518D /* Frameworks */,
			);
			buildRules = (
			);
			dependencies = (
			);
			name = OAuth2Client;
			productName = OAuth2Client;
			productReference = D2AAC07E0554694100DB518D /* libOAuth2Client.a */;
			productType = "com.apple.product-type.library.static";
		};
/* End PBXNativeTarget section */

/* Begin PBXProject section */
		0867D690FE84028FC02AAC07 /* Project object */ = {
			isa = PBXProject;
			attributes = {
				LastUpgradeCheck = 0410;
				ORGANIZATIONNAME = nxtbgthng;
			};
			buildConfigurationList = 1DEB922208733DC00010E9CD /* Build configuration list for PBXProject "OAuth2Client" */;
			compatibilityVersion = "Xcode 3.2";
			developmentRegion = English;
			hasScannedForEncodings = 1;
			knownRegions = (
				English,
				Japanese,
				French,
				German,
			);
			mainGroup = 0867D691FE84028FC02AAC07 /* OAuth2Client */;
			productRefGroup = 034768DFFF38A50411DB9C8B /* Products */;
			projectDirPath = "";
			projectRoot = "";
			targets = (
				942FFCD512315E0A00E6C65E /* OAuth2Client.framework */,
				D2AAC07D0554694100DB518D /* OAuth2Client */,
			);
		};
/* End PBXProject section */

/* Begin PBXResourcesBuildPhase section */
		942FFCD212315E0A00E6C65E /* Resources */ = {
			isa = PBXResourcesBuildPhase;
			buildActionMask = 2147483647;
			files = (
			);
			runOnlyForDeploymentPostprocessing = 0;
		};
/* End PBXResourcesBuildPhase section */

/* Begin PBXSourcesBuildPhase section */
		942FFCD312315E0A00E6C65E /* Sources */ = {
			isa = PBXSourcesBuildPhase;
			buildActionMask = 2147483647;
			files = (
				942FFCF512315EF500E6C65E /* NSString+NXOAuth2.m in Sources */,
				942FFCF612315EF500E6C65E /* NSURL+NXOAuth2.m in Sources */,
				942FFCF712315EF500E6C65E /* NXOAuth2AccessToken.m in Sources */,
				942FFCF812315EF500E6C65E /* NXOAuth2Client.m in Sources */,
				942FFCF912315EF500E6C65E /* NXOAuth2Connection.m in Sources */,
				942FFCFA12315EF500E6C65E /* NXOAuth2Constants.m in Sources */,
				942FFCFB12315EF500E6C65E /* NXOAuth2FileStreamWrapper.m in Sources */,
				942FFCFC12315EF500E6C65E /* NXOAuth2PostBodyPart.m in Sources */,
				942FFCFD12315EF500E6C65E /* NXOAuth2PostBodyStream.m in Sources */,
				99D8A7FF13852D3600E3073C /* NSData+NXOAuth2.m in Sources */,
				F65713D013CC87FD00C8A33A /* NXOAuth2AccountStore.m in Sources */,
				F6B39C7213CC8A3200B43FE0 /* NXOAuth2Account.m in Sources */,
				F6CEFD8E13CDD83B00F19E55 /* NXOAuth2Request.m in Sources */,
			);
			runOnlyForDeploymentPostprocessing = 0;
		};
		D2AAC07B0554694100DB518D /* Sources */ = {
			isa = PBXSourcesBuildPhase;
			buildActionMask = 2147483647;
			files = (
				9429B3AB12267A3100D31807 /* NXOAuth2Client.m in Sources */,
				9429B4DA1226987D00D31807 /* NXOAuth2AccessToken.m in Sources */,
				9429B5191226CB5800D31807 /* NXOAuth2Connection.m in Sources */,
				9429B5351226D7A600D31807 /* NXOAuth2Constants.m in Sources */,
				9429B5AF1227C9D100D31807 /* NXOAuth2PostBodyStream.m in Sources */,
				9429B5CD1227CCBB00D31807 /* NXOAuth2PostBodyPart.m in Sources */,
				9429B6051227CF7700D31807 /* NXOAuth2FileStreamWrapper.m in Sources */,
				9429C49C1228023D00D31807 /* NSString+NXOAuth2.m in Sources */,
				9429C49E1228023D00D31807 /* NSURL+NXOAuth2.m in Sources */,
				99D8A80013852D3600E3073C /* NSData+NXOAuth2.m in Sources */,
				F65713D113CC87FD00C8A33A /* NXOAuth2AccountStore.m in Sources */,
				F6B39C7313CC8A3200B43FE0 /* NXOAuth2Account.m in Sources */,
				F6CEFD8F13CDDE6C00F19E55 /* NXOAuth2Request.m in Sources */,
			);
			runOnlyForDeploymentPostprocessing = 0;
		};
/* End PBXSourcesBuildPhase section */

/* Begin XCBuildConfiguration section */
		1DEB921F08733DC00010E9CD /* Debug */ = {
			isa = XCBuildConfiguration;
			buildSettings = {
				ALWAYS_SEARCH_USER_PATHS = NO;
				ARCHS = "$(ARCHS_STANDARD_32_BIT)";
				COPY_PHASE_STRIP = NO;
				DEPLOYMENT_LOCATION = YES;
				DSTROOT = /tmp/OAuth2Client.dst;
				GCC_DYNAMIC_NO_PIC = NO;
				GCC_MODEL_TUNING = G5;
				GCC_OPTIMIZATION_LEVEL = 0;
				GCC_PRECOMPILE_PREFIX_HEADER = YES;
				GCC_PREFIX_HEADER = Sources/OAuth2Client_Prefix.pch;
				GCC_VERSION = com.apple.compilers.llvmgcc42;
				INSTALL_PATH = /usr/local/lib;
				PRODUCT_NAME = OAuth2Client;
				SDKROOT = iphoneos;
				SKIP_INSTALL = YES;
			};
			name = Debug;
		};
		1DEB922008733DC00010E9CD /* Release */ = {
			isa = XCBuildConfiguration;
			buildSettings = {
				ALWAYS_SEARCH_USER_PATHS = NO;
				ARCHS = "$(ARCHS_STANDARD_32_BIT)";
				DEPLOYMENT_LOCATION = YES;
				DSTROOT = /tmp/OAuth2Client.dst;
				GCC_MODEL_TUNING = G5;
				GCC_PRECOMPILE_PREFIX_HEADER = YES;
				GCC_PREFIX_HEADER = Sources/OAuth2Client_Prefix.pch;
				GCC_VERSION = com.apple.compilers.llvmgcc42;
				INSTALL_PATH = /usr/local/lib;
				PRODUCT_NAME = OAuth2Client;
				SDKROOT = iphoneos;
				SKIP_INSTALL = YES;
			};
			name = Release;
		};
		1DEB922308733DC00010E9CD /* Debug */ = {
			isa = XCBuildConfiguration;
			buildSettings = {
				ARCHS = "$(ARCHS_STANDARD_32_64_BIT)";
				GCC_C_LANGUAGE_STANDARD = c99;
				GCC_OPTIMIZATION_LEVEL = 0;
				GCC_WARN_ABOUT_RETURN_TYPE = YES;
				GCC_WARN_UNUSED_VARIABLE = YES;
				OTHER_LDFLAGS = "-ObjC";
			};
			name = Debug;
		};
		1DEB922408733DC00010E9CD /* Release */ = {
			isa = XCBuildConfiguration;
			buildSettings = {
				ARCHS = "$(ARCHS_STANDARD_32_64_BIT)";
				GCC_C_LANGUAGE_STANDARD = c99;
				GCC_WARN_ABOUT_RETURN_TYPE = YES;
				GCC_WARN_UNUSED_VARIABLE = YES;
				OTHER_CFLAGS = "-DNS_BLOCK_ASSERTIONS=1";
				OTHER_LDFLAGS = "-ObjC";
			};
			name = Release;
		};
		942FFCD812315E0A00E6C65E /* Debug */ = {
			isa = XCBuildConfiguration;
			buildSettings = {
				ALWAYS_SEARCH_USER_PATHS = NO;
				COPY_PHASE_STRIP = NO;
				DYLIB_COMPATIBILITY_VERSION = 1;
				DYLIB_CURRENT_VERSION = 1;
				FRAMEWORK_VERSION = A;
				GCC_DYNAMIC_NO_PIC = NO;
				GCC_MODEL_TUNING = G5;
				GCC_OPTIMIZATION_LEVEL = 0;
				GCC_PRECOMPILE_PREFIX_HEADER = YES;
				GCC_PREFIX_HEADER = Sources/OAuth2Client_Prefix.pch;
				INFOPLIST_FILE = "OAuth2Client.framework-Info.plist";
				INSTALL_PATH = "@executable_path/../Frameworks";
				LD_DYLIB_INSTALL_NAME = "@executable_path/../Frameworks/$(EXECUTABLE_PATH)";
				OTHER_CFLAGS = "-DNX_BLOCKS_AVAILABLE=1";
				OTHER_LDFLAGS = (
					"-framework",
					Foundation,
				);
				PRODUCT_NAME = OAuth2Client;
			};
			name = Debug;
		};
		942FFCD912315E0A00E6C65E /* Release */ = {
			isa = XCBuildConfiguration;
			buildSettings = {
				ALWAYS_SEARCH_USER_PATHS = NO;
				COPY_PHASE_STRIP = YES;
				DEBUG_INFORMATION_FORMAT = "dwarf-with-dsym";
				DYLIB_COMPATIBILITY_VERSION = 1;
				DYLIB_CURRENT_VERSION = 1;
				FRAMEWORK_VERSION = A;
				GCC_MODEL_TUNING = G5;
				GCC_PRECOMPILE_PREFIX_HEADER = YES;
				GCC_PREFIX_HEADER = Sources/OAuth2Client_Prefix.pch;
				INFOPLIST_FILE = "OAuth2Client.framework-Info.plist";
				INSTALL_PATH = "@executable_path/../Frameworks";
				LD_DYLIB_INSTALL_NAME = "@executable_path/../Frameworks/$(EXECUTABLE_PATH)";
				OTHER_CFLAGS = (
					"-DNX_BLOCKS_AVAILABLE=1",
					"-DNS_BLOCK_ASSERTIONS=1",
				);
				OTHER_LDFLAGS = (
					"-framework",
					Foundation,
				);
				PRODUCT_NAME = OAuth2Client;
				ZERO_LINK = NO;
			};
			name = Release;
		};
/* End XCBuildConfiguration section */

/* Begin XCConfigurationList section */
		1DEB921E08733DC00010E9CD /* Build configuration list for PBXNativeTarget "OAuth2Client" */ = {
			isa = XCConfigurationList;
			buildConfigurations = (
				1DEB921F08733DC00010E9CD /* Debug */,
				1DEB922008733DC00010E9CD /* Release */,
			);
			defaultConfigurationIsVisible = 0;
			defaultConfigurationName = Release;
		};
		1DEB922208733DC00010E9CD /* Build configuration list for PBXProject "OAuth2Client" */ = {
			isa = XCConfigurationList;
			buildConfigurations = (
				1DEB922308733DC00010E9CD /* Debug */,
				1DEB922408733DC00010E9CD /* Release */,
			);
			defaultConfigurationIsVisible = 0;
			defaultConfigurationName = Release;
		};
		942FFCDA12315E0A00E6C65E /* Build configuration list for PBXNativeTarget "OAuth2Client.framework" */ = {
			isa = XCConfigurationList;
			buildConfigurations = (
				942FFCD812315E0A00E6C65E /* Debug */,
				942FFCD912315E0A00E6C65E /* Release */,
			);
			defaultConfigurationIsVisible = 0;
			defaultConfigurationName = Release;
		};
/* End XCConfigurationList section */
	};
	rootObject = 0867D690FE84028FC02AAC07 /* Project object */;
}
